# This file is automatically @generated by Cargo.
# It is not intended for manual editing.
version = 3

[[package]]
name = "ff"
version = "0.13.1"
source = "git+https://github.com/zkcrypto/ff.git?rev=241caff9bcedafbe279b5a4d875461f66b3f9701#241caff9bcedafbe279b5a4d875461f66b3f9701"
dependencies = [
 "rand_core",
 "subtle",
]

[[package]]
name = "group"
version = "0.13.0"
source = "git+https://github.com/zkcrypto/group.git?rev=94b7e7420b410d301162a8aa4d7a0a6d88564e69#94b7e7420b410d301162a8aa4d7a0a6d88564e69"
dependencies = [
 "ff",
 "rand_core",
 "subtle",
]

[[package]]
name = "pairing"
version = "0.23.0"
dependencies = [
 "group",
]

[[package]]
name = "rand_core"
version = "0.9.3"
source = "registry+https://github.com/rust-lang/crates.io-index"
checksum = "99d9a13982dcf210057a8a78572b2217b667c3beacbf3a0d8b454f6f82837d38"

[[package]]
name = "subtle"
version = "2.6.1"
source = "registry+https://github.com/rust-lang/crates.io-index"
checksum = "13c2bddecc57b384dee18652358fb23172facb8a2c51ccc10d74c157bdea3292"
